
Microsoft Visual Studio Solution File, Format Version 12.00
# Visual Studio Version 17
VisualStudioVersion = 17.9.34616.47
MinimumVisualStudioVersion = 10.0.40219.1
Project("{8BC9CEB8-8B4A-11D0-8D11-00A0C91BC942}") = "pointer1_lia", "pointer1_lia\pointer1_lia.vcxproj", "{6416AA61-0C15-428B-9EF8-7EE355F461B5}"
EndProject
Project("{8BC9CEB8-8B4A-11D0-8D11-00A0C91BC942}") = "pointer2_lia", "pointer2_lia\pointer2_lia.vcxproj", "{3F34CF88-70D2-4CDA-BA70-E4736687127C}"
EndProject
Project("{8BC9CEB8-8B4A-11D0-8D11-00A0C91BC942}") = "pointer3_lia", "pointer3_lia\pointer3_lia.vcxproj", "{1DF576CE-1D9D-4849-A6E3-DF91E185006C}"
EndProject
Project("{8BC9CEB8-8B4A-11D0-8D11-00A0C91BC942}") = "pointer4_lia", "pointer4_lia\pointer4_lia.vcxproj", "{045BD45C-98A5-44F1-929C-0B1AEBDC72F9}"
EndProject
Project("{8BC9CEB8-8B4A-11D0-8D11-00A0C91BC942}") = "pointer5_lia", "pointer5_lia\pointer5_lia.vcxproj", "{BA983C4E-7A9C-4B60-AB74-3A2276876E5F}"
EndProject
Global
	GlobalSection(SolutionConfigurationPlatforms) = preSolution
		Debug|x64 = Debug|x64
		Debug|x86 = Debug|x86
		Release|x64 = Release|x64
		Release|x86 = Release|x86
	EndGlobalSection
	GlobalSection(ProjectConfigurationPlatforms) = postSolution
		{6416AA61-0C15-428B-9EF8-7EE355F461B5}.Debug|x64.ActiveCfg = Debug|x64
		{6416AA61-0C15-428B-9EF8-7EE355F461B5}.Debug|x64.Build.0 = Debug|x64
		{6416AA61-0C15-428B-9EF8-7EE355F461B5}.Debug|x86.ActiveCfg = Debug|Win32
		{6416AA61-0C15-428B-9EF8-7EE355F461B5}.Debug|x86.Build.0 = Debug|Win32
		{6416AA61-0C15-428B-9EF8-7EE355F461B5}.Release|x64.ActiveCfg = Release|x64
		{6416AA61-0C15-428B-9EF8-7EE355F461B5}.Release|x64.Build.0 = Release|x64
		{6416AA61-0C15-428B-9EF8-7EE355F461B5}.Release|x86.ActiveCfg = Release|Win32
		{6416AA61-0C15-428B-9EF8-7EE355F461B5}.Release|x86.Build.0 = Release|Win32
		{3F34CF88-70D2-4CDA-BA70-E4736687127C}.Debug|x64.ActiveCfg = Debug|x64
		{3F34CF88-70D2-4CDA-BA70-E4736687127C}.Debug|x64.Build.0 = Debug|x64
		{3F34CF88-70D2-4CDA-BA70-E4736687127C}.Debug|x86.ActiveCfg = Debug|Win32
		{3F34CF88-70D2-4CDA-BA70-E4736687127C}.Debug|x86.Build.0 = Debug|Win32
		{3F34CF88-70D2-4CDA-BA70-E4736687127C}.Release|x64.ActiveCfg = Release|x64
		{3F34CF88-70D2-4CDA-BA70-E4736687127C}.Release|x64.Build.0 = Release|x64
		{3F34CF88-70D2-4CDA-BA70-E4736687127C}.Release|x86.ActiveCfg = Release|Win32
		{3F34CF88-70D2-4CDA-BA70-E4736687127C}.Release|x86.Build.0 = Release|Win32
		{1DF576CE-1D9D-4849-A6E3-DF91E185006C}.Debug|x64.ActiveCfg = Debug|x64
		{1DF576CE-1D9D-4849-A6E3-DF91E185006C}.Debug|x64.Build.0 = Debug|x64
		{1DF576CE-1D9D-4849-A6E3-DF91E185006C}.Debug|x86.ActiveCfg = Debug|Win32
		{1DF576CE-1D9D-4849-A6E3-DF91E185006C}.Debug|x86.Build.0 = Debug|Win32
		{1DF576CE-1D9D-4849-A6E3-DF91E185006C}.Release|x64.ActiveCfg = Release|x64
		{1DF576CE-1D9D-4849-A6E3-DF91E185006C}.Release|x64.Build.0 = Release|x64
		{1DF576CE-1D9D-4849-A6E3-DF91E185006C}.Release|x86.ActiveCfg = Release|Win32
		{1DF576CE-1D9D-4849-A6E3-DF91E185006C}.Release|x86.Build.0 = Release|Win32
		{045BD45C-98A5-44F1-929C-0B1AEBDC72F9}.Debug|x64.ActiveCfg = Debug|x64
		{045BD45C-98A5-44F1-929C-0B1AEBDC72F9}.Debug|x64.Build.0 = Debug|x64
		{045BD45C-98A5-44F1-929C-0B1AEBDC72F9}.Debug|x86.ActiveCfg = Debug|Win32
		{045BD45C-98A5-44F1-929C-0B1AEBDC72F9}.Debug|x86.Build.0 = Debug|Win32
		{045BD45C-98A5-44F1-929C-0B1AEBDC72F9}.Release|x64.ActiveCfg = Release|x64
		{045BD45C-98A5-44F1-929C-0B1AEBDC72F9}.Release|x64.Build.0 = Release|x64
		{045BD45C-98A5-44F1-929C-0B1AEBDC72F9}.Release|x86.ActiveCfg = Release|Win32
		{045BD45C-98A5-44F1-929C-0B1AEBDC72F9}.Release|x86.Build.0 = Release|Win32
		{BA983C4E-7A9C-4B60-AB74-3A2276876E5F}.Debug|x64.ActiveCfg = Debug|x64
		{BA983C4E-7A9C-4B60-AB74-3A2276876E5F}.Debug|x64.Build.0 = Debug|x64
		{BA983C4E-7A9C-4B60-AB74-3A2276876E5F}.Debug|x86.ActiveCfg = Debug|Win32
		{BA983C4E-7A9C-4B60-AB74-3A2276876E5F}.Debug|x86.Build.0 = Debug|Win32
		{BA983C4E-7A9C-4B60-AB74-3A2276876E5F}.Release|x64.ActiveCfg = Release|x64
		{BA983C4E-7A9C-4B60-AB74-3A2276876E5F}.Release|x64.Build.0 = Release|x64
		{BA983C4E-7A9C-4B60-AB74-3A2276876E5F}.Release|x86.ActiveCfg = Release|Win32
		{BA983C4E-7A9C-4B60-AB74-3A2276876E5F}.Release|x86.Build.0 = Release|Win32
	EndGlobalSection
	GlobalSection(SolutionProperties) = preSolution
		HideSolutionNode = FALSE
	EndGlobalSection
	GlobalSection(ExtensibilityGlobals) = postSolution
		SolutionGuid = {95DAD27B-73E7-4027-8F41-D385C7D787BC}
	EndGlobalSection
EndGlobal
